
Microsoft Visual Studio Solution File, Format Version 12.00
# Visual Studio Version 16
VisualStudioVersion = 16.0.32228.343
MinimumVisualStudioVersion = 10.0.40219.1
Project("{FAE04EC0-301F-11D3-BF4B-00C04F79EFBC}") = "Title Case", "Title Case\Title Case.csproj", "{FE4FA528-788C-4744-94A4-550A367D4FF3}"
EndProject
Global
	GlobalSection(SolutionConfigurationPlatforms) = preSolution
		Debug|Any CPU = Debug|Any CPU
		Release|Any CPU = Release|Any CPU
	EndGlobalSection
	GlobalSection(ProjectConfigurationPlatforms) = postSolution
		{FE4FA528-788C-4744-94A4-550A367D4FF3}.Debug|Any CPU.ActiveCfg = Debug|Any CPU
		{FE4FA528-788C-4744-94A4-550A367D4FF3}.Debug|Any CPU.Build.0 = Debug|Any CPU
		{FE4FA528-788C-4744-94A4-550A367D4FF3}.Release|Any CPU.ActiveCfg = Release|Any CPU
		{FE4FA528-788C-4744-94A4-550A367D4FF3}.Release|Any CPU.Build.0 = Release|Any CPU
	EndGlobalSection
	GlobalSection(SolutionProperties) = preSolution
		HideSolutionNode = FALSE
	EndGlobalSection
	GlobalSection(ExtensibilityGlobals) = postSolution
		SolutionGuid = {D83BF9CD-4F7C-4605-9354-6E0E17EB802B}
	EndGlobalSection
EndGlobal
