
Microsoft Visual Studio Solution File, Format Version 12.00
# Visual Studio Version 17
VisualStudioVersion = 17.3.32929.385
MinimumVisualStudioVersion = 10.0.40219.1
Project("{FAE04EC0-301F-11D3-BF4B-00C04F79EFBC}") = "RGB to Hex", "RGB to Hex\RGB to Hex.csproj", "{8EC6841B-D29F-4F21-9FCB-459C6D5E5DCA}"
EndProject
Global
	GlobalSection(SolutionConfigurationPlatforms) = preSolution
		Debug|Any CPU = Debug|Any CPU
		Release|Any CPU = Release|Any CPU
	EndGlobalSection
	GlobalSection(ProjectConfigurationPlatforms) = postSolution
		{8EC6841B-D29F-4F21-9FCB-459C6D5E5DCA}.Debug|Any CPU.ActiveCfg = Debug|Any CPU
		{8EC6841B-D29F-4F21-9FCB-459C6D5E5DCA}.Debug|Any CPU.Build.0 = Debug|Any CPU
		{8EC6841B-D29F-4F21-9FCB-459C6D5E5DCA}.Release|Any CPU.ActiveCfg = Release|Any CPU
		{8EC6841B-D29F-4F21-9FCB-459C6D5E5DCA}.Release|Any CPU.Build.0 = Release|Any CPU
	EndGlobalSection
	GlobalSection(SolutionProperties) = preSolution
		HideSolutionNode = FALSE
	EndGlobalSection
	GlobalSection(ExtensibilityGlobals) = postSolution
		SolutionGuid = {F3C5314F-A1CB-4BA0-8FCB-4EAD442D798F}
	EndGlobalSection
EndGlobal
