
Microsoft Visual Studio Solution File, Format Version 12.00
# Visual Studio Version 16
VisualStudioVersion = 16.0.32228.343
MinimumVisualStudioVersion = 10.0.40219.1
Project("{FAE04EC0-301F-11D3-BF4B-00C04F79EFBC}") = "Find the divisors", "Find the divisors\Find the divisors.csproj", "{309B90CD-0C1F-4024-8365-D50F013DA0BB}"
EndProject
Global
	GlobalSection(SolutionConfigurationPlatforms) = preSolution
		Debug|Any CPU = Debug|Any CPU
		Release|Any CPU = Release|Any CPU
	EndGlobalSection
	GlobalSection(ProjectConfigurationPlatforms) = postSolution
		{309B90CD-0C1F-4024-8365-D50F013DA0BB}.Debug|Any CPU.ActiveCfg = Debug|Any CPU
		{309B90CD-0C1F-4024-8365-D50F013DA0BB}.Debug|Any CPU.Build.0 = Debug|Any CPU
		{309B90CD-0C1F-4024-8365-D50F013DA0BB}.Release|Any CPU.ActiveCfg = Release|Any CPU
		{309B90CD-0C1F-4024-8365-D50F013DA0BB}.Release|Any CPU.Build.0 = Release|Any CPU
	EndGlobalSection
	GlobalSection(SolutionProperties) = preSolution
		HideSolutionNode = FALSE
	EndGlobalSection
	GlobalSection(ExtensibilityGlobals) = postSolution
		SolutionGuid = {2E39DB2B-F6C4-4A36-AB87-713EF999E131}
	EndGlobalSection
EndGlobal
